// !$*UTF8*$!
{
	archiveVersion = 1;
	classes = {
	};
	objectVersion = 46;
	objects = {

/* Begin PBXBuildFile section */
		160662741AE6C018000A6E4F /* RPS Icon.png in Resources */ = {isa = PBXBuildFile; fileRef = 160662731AE6C018000A6E4F /* RPS Icon.png */; };
		160662761AE6C362000A6E4F /* RPSViewController.swift in Sources */ = {isa = PBXBuildFile; fileRef = 160662751AE6C362000A6E4F /* RPSViewController.swift */; };
		1606627C1AE6C4A7000A6E4F /* RPS1.png in Resources */ = {isa = PBXBuildFile; fileRef = 160662771AE6C4A6000A6E4F /* RPS1.png */; };
		1606627D1AE6C4A7000A6E4F /* RPS2.png in Resources */ = {isa = PBXBuildFile; fileRef = 160662781AE6C4A7000A6E4F /* RPS2.png */; };
		1606627E1AE6C4A7000A6E4F /* RPS3.png in Resources */ = {isa = PBXBuildFile; fileRef = 160662791AE6C4A7000A6E4F /* RPS3.png */; };
		1606627F1AE6C4A7000A6E4F /* RPS4.png in Resources */ = {isa = PBXBuildFile; fileRef = 1606627A1AE6C4A7000A6E4F /* RPS4.png */; };
		160662801AE6C4A7000A6E4F /* RPS5.png in Resources */ = {isa = PBXBuildFile; fileRef = 1606627B1AE6C4A7000A6E4F /* RPS5.png */; };
		160662931AE6CE66000A6E4F /* Button Frame.png in Resources */ = {isa = PBXBuildFile; fileRef = 160662901AE6CE66000A6E4F /* Button Frame.png */; };
		160662941AE6CE66000A6E4F /* Button Frame@2x.png in Resources */ = {isa = PBXBuildFile; fileRef = 160662911AE6CE66000A6E4F /* Button Frame@2x.png */; };
		160662951AE6CE66000A6E4F /* Button Frame@3x.png in Resources */ = {isa = PBXBuildFile; fileRef = 160662921AE6CE66000A6E4F /* Button Frame@3x.png */; };
		1637B5091AE957490000D989 /* iPhoneIcon@2x.png in Resources */ = {isa = PBXBuildFile; fileRef = 1637B5071AE957490000D989 /* iPhoneIcon@2x.png */; };
		1637B50A1AE957490000D989 /* iPhoneIcon@3x.png in Resources */ = {isa = PBXBuildFile; fileRef = 1637B5081AE957490000D989 /* iPhoneIcon@3x.png */; };
		164464F31AE7646D0057D01B /* CB Icon.png in Resources */ = {isa = PBXBuildFile; fileRef = 164464F21AE7646D0057D01B /* CB Icon.png */; };
		164464F71AE766410057D01B /* CB1.png in Resources */ = {isa = PBXBuildFile; fileRef = 164464F41AE766410057D01B /* CB1.png */; };
		164464F81AE766410057D01B /* CB2.png in Resources */ = {isa = PBXBuildFile; fileRef = 164464F51AE766410057D01B /* CB2.png */; };
		164464F91AE766410057D01B /* CB3.png in Resources */ = {isa = PBXBuildFile; fileRef = 164464F61AE766410057D01B /* CB3.png */; };
		164465001AE766FE0057D01B /* CW1.png in Resources */ = {isa = PBXBuildFile; fileRef = 164464FB1AE766FE0057D01B /* CW1.png */; };
		164465011AE766FE0057D01B /* CW2.png in Resources */ = {isa = PBXBuildFile; fileRef = 164464FC1AE766FE0057D01B /* CW2.png */; };
		164465021AE766FE0057D01B /* CW3.png in Resources */ = {isa = PBXBuildFile; fileRef = 164464FD1AE766FE0057D01B /* CW3.png */; };
		164465031AE766FE0057D01B /* CW4.png in Resources */ = {isa = PBXBuildFile; fileRef = 164464FE1AE766FE0057D01B /* CW4.png */; };
		164465041AE766FE0057D01B /* CW5.png in Resources */ = {isa = PBXBuildFile; fileRef = 164464FF1AE766FE0057D01B /* CW5.png */; };
		164465061AE767040057D01B /* CW Icon.png in Resources */ = {isa = PBXBuildFile; fileRef = 164465051AE767040057D01B /* CW Icon.png */; };
		164465091AE7681E0057D01B /* Ignus Icon.png in Resources */ = {isa = PBXBuildFile; fileRef = 164465081AE7681E0057D01B /* Ignus Icon.png */; };
		164D14A71AE805030034C45A /* CBViewController.swift in Sources */ = {isa = PBXBuildFile; fileRef = 164D14A61AE805030034C45A /* CBViewController.swift */; };
		164D14A91AE805070034C45A /* CWViewController.swift in Sources */ = {isa = PBXBuildFile; fileRef = 164D14A81AE805070034C45A /* CWViewController.swift */; };
		164D14AB1AE8050D0034C45A /* IgnusViewController.swift in Sources */ = {isa = PBXBuildFile; fileRef = 164D14AA1AE8050D0034C45A /* IgnusViewController.swift */; };
		164D14B11AE8987C0034C45A /* Ignus1.PNG in Resources */ = {isa = PBXBuildFile; fileRef = 164D14AC1AE8987C0034C45A /* Ignus1.PNG */; };
		164D14B21AE8987C0034C45A /* Ignus2.PNG in Resources */ = {isa = PBXBuildFile; fileRef = 164D14AD1AE8987C0034C45A /* Ignus2.PNG */; };
		164D14B31AE8987C0034C45A /* Ignus3.PNG in Resources */ = {isa = PBXBuildFile; fileRef = 164D14AE1AE8987C0034C45A /* Ignus3.PNG */; };
		164D14B41AE8987C0034C45A /* Ignus4.PNG in Resources */ = {isa = PBXBuildFile; fileRef = 164D14AF1AE8987C0034C45A /* Ignus4.PNG */; };
		164D14B51AE8987C0034C45A /* Ignus5.PNG in Resources */ = {isa = PBXBuildFile; fileRef = 164D14B01AE8987C0034C45A /* Ignus5.PNG */; };
		165A54F91AE0113600ED9272 /* AppDelegate.swift in Sources */ = {isa = PBXBuildFile; fileRef = 165A54F81AE0113600ED9272 /* AppDelegate.swift */; };
		165A54FB1AE0113600ED9272 /* MainViewController.swift in Sources */ = {isa = PBXBuildFile; fileRef = 165A54FA1AE0113600ED9272 /* MainViewController.swift */; };
		165A54FE1AE0113600ED9272 /* Main.storyboard in Resources */ = {isa = PBXBuildFile; fileRef = 165A54FC1AE0113600ED9272 /* Main.storyboard */; };
		165A55001AE0113600ED9272 /* Images.xcassets in Resources */ = {isa = PBXBuildFile; fileRef = 165A54FF1AE0113600ED9272 /* Images.xcassets */; };
		165A55031AE0113600ED9272 /* LaunchScreen.xib in Resources */ = {isa = PBXBuildFile; fileRef = 165A55011AE0113600ED9272 /* LaunchScreen.xib */; };
		165A550F1AE0113600ED9272 /* Anant_JainTests.swift in Sources */ = {isa = PBXBuildFile; fileRef = 165A550E1AE0113600ED9272 /* Anant_JainTests.swift */; };
		165A551B1AE0120A00ED9272 /* Wood Background.jpg in Resources */ = {isa = PBXBuildFile; fileRef = 165A551A1AE0120A00ED9272 /* Wood Background.jpg */; };
		165A551F1AE012C400ED9272 /* Wood Border.jpg in Resources */ = {isa = PBXBuildFile; fileRef = 165A551E1AE012C400ED9272 /* Wood Border.jpg */; };
		165A55231AE018ED00ED9272 /* Ball.png in Resources */ = {isa = PBXBuildFile; fileRef = 165A55221AE018ED00ED9272 /* Ball.png */; };
		165A55291AE021DC00ED9272 /* Hole.png in Resources */ = {isa = PBXBuildFile; fileRef = 165A55281AE021DC00ED9272 /* Hole.png */; };
		165A552B1AE023F300ED9272 /* Left Arrow.png in Resources */ = {isa = PBXBuildFile; fileRef = 165A552A1AE023F300ED9272 /* Left Arrow.png */; };
		165A552D1AE024A000ED9272 /* Curve Arrow.png in Resources */ = {isa = PBXBuildFile; fileRef = 165A552C1AE024A000ED9272 /* Curve Arrow.png */; };
		165A552F1AE026B300ED9272 /* CoreMotion.framework in Frameworks */ = {isa = PBXBuildFile; fileRef = 165A552E1AE026B300ED9272 /* CoreMotion.framework */; };
		165A55311AE03B0A00ED9272 /* Down Curve Arrow.png in Resources */ = {isa = PBXBuildFile; fileRef = 165A55301AE03B0A00ED9272 /* Down Curve Arrow.png */; };
		165A55331AE03F8000ED9272 /* StartViewController.swift in Sources */ = {isa = PBXBuildFile; fileRef = 165A55321AE03F8000ED9272 /* StartViewController.swift */; };
		165A55351AE04BE100ED9272 /* SlideInTransition.swift in Sources */ = {isa = PBXBuildFile; fileRef = 165A55341AE04BE100ED9272 /* SlideInTransition.swift */; };
		1662288D1AE6229A002AF7ED /* FirstWWDCViewController.swift in Sources */ = {isa = PBXBuildFile; fileRef = 1662288C1AE6229A002AF7ED /* FirstWWDCViewController.swift */; };
		1662288F1AE622A4002AF7ED /* WWDCDreamViewController.swift in Sources */ = {isa = PBXBuildFile; fileRef = 1662288E1AE622A4002AF7ED /* WWDCDreamViewController.swift */; };
		166228911AE622AA002AF7ED /* ThankYouViewController.swift in Sources */ = {isa = PBXBuildFile; fileRef = 166228901AE622AA002AF7ED /* ThankYouViewController.swift */; };
		166F5E5F1AE0C20F007C7BF3 /* Arrow3.png in Resources */ = {isa = PBXBuildFile; fileRef = 166F5E5E1AE0C20F007C7BF3 /* Arrow3.png */; };
		166F5E611AE0C5D7007C7BF3 /* Arrow4.png in Resources */ = {isa = PBXBuildFile; fileRef = 166F5E601AE0C5D7007C7BF3 /* Arrow4.png */; };
		166F5E631AE0C70F007C7BF3 /* Arrow5.png in Resources */ = {isa = PBXBuildFile; fileRef = 166F5E621AE0C70F007C7BF3 /* Arrow5.png */; };
		166F5E671AE0C9BB007C7BF3 /* Arrow6.png in Resources */ = {isa = PBXBuildFile; fileRef = 166F5E661AE0C9BB007C7BF3 /* Arrow6.png */; };
		166F5E6B1AE0CA7C007C7BF3 /* Arrow7.png in Resources */ = {isa = PBXBuildFile; fileRef = 166F5E6A1AE0CA7C007C7BF3 /* Arrow7.png */; };
		166F5E6D1AE0CD1C007C7BF3 /* Warp Pipe.mp3 in Resources */ = {isa = PBXBuildFile; fileRef = 166F5E6C1AE0CD1C007C7BF3 /* Warp Pipe.mp3 */; };
		166F5E6F1AE0D089007C7BF3 /* Profile.jpg in Resources */ = {isa = PBXBuildFile; fileRef = 166F5E6E1AE0D089007C7BF3 /* Profile.jpg */; };
		166F5E711AE0D118007C7BF3 /* AboutMeViewController.swift in Sources */ = {isa = PBXBuildFile; fileRef = 166F5E701AE0D118007C7BF3 /* AboutMeViewController.swift */; };
		167EDBA21AE079450044E7AE /* Roll.m4a in Resources */ = {isa = PBXBuildFile; fileRef = 167EDBA11AE079450044E7AE /* Roll.m4a */; };
		167EDBA41AE079650044E7AE /* AVFoundation.framework in Frameworks */ = {isa = PBXBuildFile; fileRef = 167EDBA31AE079650044E7AE /* AVFoundation.framework */; };
		167EDBA61AE07E600044E7AE /* Hit.m4a in Resources */ = {isa = PBXBuildFile; fileRef = 167EDBA51AE07E600044E7AE /* Hit.m4a */; };
		167FB6601AE8B8F5006C4E95 /* EagerToLearnViewController.swift in Sources */ = {isa = PBXBuildFile; fileRef = 167FB65F1AE8B8F5006C4E95 /* EagerToLearnViewController.swift */; };
		16A5E8BF1AE9591700848338 /* App Icon.png in Resources */ = {isa = PBXBuildFile; fileRef = 16A5E8BE1AE9591700848338 /* App Icon.png */; };
		16CB2F341AE161A9008D8654 /* SlideDownTransition.swift in Sources */ = {isa = PBXBuildFile; fileRef = 16CB2F331AE161A9008D8654 /* SlideDownTransition.swift */; };
		16CB2F361AE1697F008D8654 /* Arrow8.png in Resources */ = {isa = PBXBuildFile; fileRef = 16CB2F351AE1697F008D8654 /* Arrow8.png */; };
		16CB2F381AE16A0D008D8654 /* Arrow9.png in Resources */ = {isa = PBXBuildFile; fileRef = 16CB2F371AE16A0D008D8654 /* Arrow9.png */; };
		16CB2F3D1AE2289E008D8654 /* ExperienceAndAwardsViewController.swift in Sources */ = {isa = PBXBuildFile; fileRef = 16CB2F3C1AE2289E008D8654 /* ExperienceAndAwardsViewController.swift */; };
		16CB2F3F1AE30814008D8654 /* SlideRightTransition.swift in Sources */ = {isa = PBXBuildFile; fileRef = 16CB2F3E1AE30814008D8654 /* SlideRightTransition.swift */; };
		16CB2F411AE310BB008D8654 /* HobbiesAndInterestsViewController.swift in Sources */ = {isa = PBXBuildFile; fileRef = 16CB2F401AE310BB008D8654 /* HobbiesAndInterestsViewController.swift */; };
		16CB2F431AE3129E008D8654 /* SlideUpTransition.swift in Sources */ = {isa = PBXBuildFile; fileRef = 16CB2F421AE3129E008D8654 /* SlideUpTransition.swift */; };
		16CB2F451AE35A59008D8654 /* MyPhotosPageViewController.swift in Sources */ = {isa = PBXBuildFile; fileRef = 16CB2F441AE35A59008D8654 /* MyPhotosPageViewController.swift */; };
		16CB2F4F1AE42CF0008D8654 /* IMG_0063.jpg in Resources */ = {isa = PBXBuildFile; fileRef = 16CB2F481AE42CF0008D8654 /* IMG_0063.jpg */; };
		16CB2F501AE42CF0008D8654 /* IMG_0096.jpg in Resources */ = {isa = PBXBuildFile; fileRef = 16CB2F491AE42CF0008D8654 /* IMG_0096.jpg */; };
		16CB2F511AE42CF0008D8654 /* IMG_0781.jpg in Resources */ = {isa = PBXBuildFile; fileRef = 16CB2F4A1AE42CF0008D8654 /* IMG_0781.jpg */; };
		16CB2F521AE42CF0008D8654 /* IMG_0817.jpg in Resources */ = {isa = PBXBuildFile; fileRef = 16CB2F4B1AE42CF0008D8654 /* IMG_0817.jpg */; };
		16CB2F531AE42CF0008D8654 /* IMG_0847.jpg in Resources */ = {isa = PBXBuildFile; fileRef = 16CB2F4C1AE42CF0008D8654 /* IMG_0847.jpg */; };
		16CB2F541AE42CF0008D8654 /* IMG_2813.jpg in Resources */ = {isa = PBXBuildFile; fileRef = 16CB2F4D1AE42CF0008D8654 /* IMG_2813.jpg */; };
		16CB2F551AE42CF0008D8654 /* IMG_7472.jpg in Resources */ = {isa = PBXBuildFile; fileRef = 16CB2F4E1AE42CF0008D8654 /* IMG_7472.jpg */; };
		16CB74981AE45B48004D410D /* ConnectWithMeTableViewController.swift in Sources */ = {isa = PBXBuildFile; fileRef = 16CB74971AE45B48004D410D /* ConnectWithMeTableViewController.swift */; };
		16CB749A1AE471BA004D410D /* MessageUI.framework in Frameworks */ = {isa = PBXBuildFile; fileRef = 16CB74991AE471BA004D410D /* MessageUI.framework */; };
		16CB749C1AE48388004D410D /* Checkmark.png in Resources */ = {isa = PBXBuildFile; fileRef = 16CB749B1AE48388004D410D /* Checkmark.png */; };
		16CB749E1AE485CB004D410D /* MyAppsViewController.swift in Sources */ = {isa = PBXBuildFile; fileRef = 16CB749D1AE485CB004D410D /* MyAppsViewController.swift */; };
		16CB74A01AE4889D004D410D /* SlideLeftTransition.swift in Sources */ = {isa = PBXBuildFile; fileRef = 16CB749F1AE4889D004D410D /* SlideLeftTransition.swift */; };
		16CB74A21AE49948004D410D /* Arrow10.png in Resources */ = {isa = PBXBuildFile; fileRef = 16CB74A11AE49948004D410D /* Arrow10.png */; };
		16CB74A61AE49B3B004D410D /* Arrow11.png in Resources */ = {isa = PBXBuildFile; fileRef = 16CB74A51AE49B3B004D410D /* Arrow11.png */; };
/* End PBXBuildFile section */

/* Begin PBXContainerItemProxy section */
		165A55091AE0113600ED9272 /* PBXContainerItemProxy */ = {
			isa = PBXContainerItemProxy;
			containerPortal = 165A54EB1AE0113600ED9272 /* Project object */;
			proxyType = 1;
			remoteGlobalIDString = 165A54F21AE0113600ED9272;
			remoteInfo = "Anant Jain";
		};
/* End PBXContainerItemProxy section */

/* Begin PBXFileReference section */
		160662731AE6C018000A6E4F /* RPS Icon.png */ = {isa = PBXFileReference; lastKnownFileType = image.png; path = "RPS Icon.png"; sourceTree = "<group>"; };
		160662751AE6C362000A6E4F /* RPSViewController.swift */ = {isa = PBXFileReference; fileEncoding = 4; lastKnownFileType = sourcecode.swift; path = RPSViewController.swift; sourceTree = "<group>"; };
		160662771AE6C4A6000A6E4F /* RPS1.png */ = {isa = PBXFileReference; lastKnownFileType = image.png; path = RPS1.png; sourceTree = "<group>"; };
		160662781AE6C4A7000A6E4F /* RPS2.png */ = {isa = PBXFileReference; lastKnownFileType = image.png; path = RPS2.png; sourceTree = "<group>"; };
		160662791AE6C4A7000A6E4F /* RPS3.png */ = {isa = PBXFileReference; lastKnownFileType = image.png; path = RPS3.png; sourceTree = "<group>"; };
		1606627A1AE6C4A7000A6E4F /* RPS4.png */ = {isa = PBXFileReference; lastKnownFileType = image.png; path = RPS4.png; sourceTree = "<group>"; };
		1606627B1AE6C4A7000A6E4F /* RPS5.png */ = {isa = PBXFileReference; lastKnownFileType = image.png; path = RPS5.png; sourceTree = "<group>"; };
		160662901AE6CE66000A6E4F /* Button Frame.png */ = {isa = PBXFileReference; lastKnownFileType = image.png; path = "Button Frame.png"; sourceTree = "<group>"; };
		160662911AE6CE66000A6E4F /* Button Frame@2x.png */ = {isa = PBXFileReference; lastKnownFileType = image.png; path = "Button Frame@2x.png"; sourceTree = "<group>"; };
		160662921AE6CE66000A6E4F /* Button Frame@3x.png */ = {isa = PBXFileReference; lastKnownFileType = image.png; path = "Button Frame@3x.png"; sourceTree = "<group>"; };
		1637B5071AE957490000D989 /* iPhoneIcon@2x.png */ = {isa = PBXFileReference; lastKnownFileType = image.png; path = "iPhoneIcon@2x.png"; sourceTree = "<group>"; };
		1637B5081AE957490000D989 /* iPhoneIcon@3x.png */ = {isa = PBXFileReference; lastKnownFileType = image.png; path = "iPhoneIcon@3x.png"; sourceTree = "<group>"; };
		164464F21AE7646D0057D01B /* CB Icon.png */ = {isa = PBXFileReference; lastKnownFileType = image.png; path = "CB Icon.png"; sourceTree = "<group>"; };
		164464F41AE766410057D01B /* CB1.png */ = {isa = PBXFileReference; lastKnownFileType = image.png; path = CB1.png; sourceTree = "<group>"; };
		164464F51AE766410057D01B /* CB2.png */ = {isa = PBXFileReference; lastKnownFileType = image.png; path = CB2.png; sourceTree = "<group>"; };
		164464F61AE766410057D01B /* CB3.png */ = {isa = PBXFileReference; lastKnownFileType = image.png; path = CB3.png; sourceTree = "<group>"; };
		164464FB1AE766FE0057D01B /* CW1.png */ = {isa = PBXFileReference; lastKnownFileType = image.png; path = CW1.png; sourceTree = "<group>"; };
		164464FC1AE766FE0057D01B /* CW2.png */ = {isa = PBXFileReference; lastKnownFileType = image.png; path = CW2.png; sourceTree = "<group>"; };
		164464FD1AE766FE0057D01B /* CW3.png */ = {isa = PBXFileReference; lastKnownFileType = image.png; path = CW3.png; sourceTree = "<group>"; };
		164464FE1AE766FE0057D01B /* CW4.png */ = {isa = PBXFileReference; lastKnownFileType = image.png; path = CW4.png; sourceTree = "<group>"; };
		164464FF1AE766FE0057D01B /* CW5.png */ = {isa = PBXFileReference; lastKnownFileType = image.png; path = CW5.png; sourceTree = "<group>"; };
		164465051AE767040057D01B /* CW Icon.png */ = {isa = PBXFileReference; lastKnownFileType = image.png; path = "CW Icon.png"; sourceTree = "<group>"; };
		164465081AE7681E0057D01B /* Ignus Icon.png */ = {isa = PBXFileReference; lastKnownFileType = image.png; path = "Ignus Icon.png"; sourceTree = "<group>"; };
		164D14A61AE805030034C45A /* CBViewController.swift */ = {isa = PBXFileReference; fileEncoding = 4; lastKnownFileType = sourcecode.swift; path = CBViewController.swift; sourceTree = "<group>"; };
		164D14A81AE805070034C45A /* CWViewController.swift */ = {isa = PBXFileReference; fileEncoding = 4; lastKnownFileType = sourcecode.swift; path = CWViewController.swift; sourceTree = "<group>"; };
		164D14AA1AE8050D0034C45A /* IgnusViewController.swift */ = {isa = PBXFileReference; fileEncoding = 4; lastKnownFileType = sourcecode.swift; path = IgnusViewController.swift; sourceTree = "<group>"; };
		164D14AC1AE8987C0034C45A /* Ignus1.PNG */ = {isa = PBXFileReference; lastKnownFileType = image.png; path = Ignus1.PNG; sourceTree = "<group>"; };
		164D14AD1AE8987C0034C45A /* Ignus2.PNG */ = {isa = PBXFileReference; lastKnownFileType = image.png; path = Ignus2.PNG; sourceTree = "<group>"; };
		164D14AE1AE8987C0034C45A /* Ignus3.PNG */ = {isa = PBXFileReference; lastKnownFileType = image.png; path = Ignus3.PNG; sourceTree = "<group>"; };
		164D14AF1AE8987C0034C45A /* Ignus4.PNG */ = {isa = PBXFileReference; lastKnownFileType = image.png; path = Ignus4.PNG; sourceTree = "<group>"; };
		164D14B01AE8987C0034C45A /* Ignus5.PNG */ = {isa = PBXFileReference; lastKnownFileType = image.png; path = Ignus5.PNG; sourceTree = "<group>"; };
		165A54F31AE0113600ED9272 /* Anant Jain.app */ = {isa = PBXFileReference; explicitFileType = wrapper.application; includeInIndex = 0; path = "Anant Jain.app"; sourceTree = BUILT_PRODUCTS_DIR; };
		165A54F71AE0113600ED9272 /* Info.plist */ = {isa = PBXFileReference; lastKnownFileType = text.plist.xml; path = Info.plist; sourceTree = "<group>"; };
		165A54F81AE0113600ED9272 /* AppDelegate.swift */ = {isa = PBXFileReference; lastKnownFileType = sourcecode.swift; path = AppDelegate.swift; sourceTree = "<group>"; };
		165A54FA1AE0113600ED9272 /* MainViewController.swift */ = {isa = PBXFileReference; lastKnownFileType = sourcecode.swift; path = MainViewController.swift; sourceTree = "<group>"; };
		165A54FD1AE0113600ED9272 /* Base */ = {isa = PBXFileReference; lastKnownFileType = file.storyboard; name = Base; path = Base.lproj/Main.storyboard; sourceTree = "<group>"; };
		165A54FF1AE0113600ED9272 /* Images.xcassets */ = {isa = PBXFileReference; lastKnownFileType = folder.assetcatalog; path = Images.xcassets; sourceTree = "<group>"; };
		165A55021AE0113600ED9272 /* Base */ = {isa = PBXFileReference; lastKnownFileType = file.xib; name = Base; path = Base.lproj/LaunchScreen.xib; sourceTree = "<group>"; };
		165A55081AE0113600ED9272 /* Anant JainTests.xctest */ = {isa = PBXFileReference; explicitFileType = wrapper.cfbundle; includeInIndex = 0; path = "Anant JainTests.xctest"; sourceTree = BUILT_PRODUCTS_DIR; };
		165A550D1AE0113600ED9272 /* Info.plist */ = {isa = PBXFileReference; lastKnownFileType = text.plist.xml; path = Info.plist; sourceTree = "<group>"; };
		165A550E1AE0113600ED9272 /* Anant_JainTests.swift */ = {isa = PBXFileReference; lastKnownFileType = sourcecode.swift; path = Anant_JainTests.swift; sourceTree = "<group>"; };
		165A551A1AE0120A00ED9272 /* Wood Background.jpg */ = {isa = PBXFileReference; lastKnownFileType = image.jpeg; path = "Wood Background.jpg"; sourceTree = "<group>"; };
		165A551E1AE012C400ED9272 /* Wood Border.jpg */ = {isa = PBXFileReference; lastKnownFileType = image.jpeg; path = "Wood Border.jpg"; sourceTree = "<group>"; };
		165A55221AE018ED00ED9272 /* Ball.png */ = {isa = PBXFileReference; lastKnownFileType = image.png; path = Ball.png; sourceTree = "<group>"; };
		165A55281AE021DC00ED9272 /* Hole.png */ = {isa = PBXFileReference; lastKnownFileType = image.png; path = Hole.png; sourceTree = "<group>"; };
		165A552A1AE023F300ED9272 /* Left Arrow.png */ = {isa = PBXFileReference; lastKnownFileType = image.png; path = "Left Arrow.png"; sourceTree = "<group>"; };
		165A552C1AE024A000ED9272 /* Curve Arrow.png */ = {isa = PBXFileReference; lastKnownFileType = image.png; path = "Curve Arrow.png"; sourceTree = "<group>"; };
		165A552E1AE026B300ED9272 /* CoreMotion.framework */ = {isa = PBXFileReference; lastKnownFileType = wrapper.framework; name = CoreMotion.framework; path = System/Library/Frameworks/CoreMotion.framework; sourceTree = SDKROOT; };
		165A55301AE03B0A00ED9272 /* Down Curve Arrow.png */ = {isa = PBXFileReference; lastKnownFileType = image.png; path = "Down Curve Arrow.png"; sourceTree = "<group>"; };
		165A55321AE03F8000ED9272 /* StartViewController.swift */ = {isa = PBXFileReference; fileEncoding = 4; lastKnownFileType = sourcecode.swift; path = StartViewController.swift; sourceTree = "<group>"; };
		165A55341AE04BE100ED9272 /* SlideInTransition.swift */ = {isa = PBXFileReference; fileEncoding = 4; lastKnownFileType = sourcecode.swift; path = SlideInTransition.swift; sourceTree = "<group>"; };
		1662288C1AE6229A002AF7ED /* FirstWWDCViewController.swift */ = {isa = PBXFileReference; fileEncoding = 4; lastKnownFileType = sourcecode.swift; path = FirstWWDCViewController.swift; sourceTree = "<group>"; };
		1662288E1AE622A4002AF7ED /* WWDCDreamViewController.swift */ = {isa = PBXFileReference; fileEncoding = 4; lastKnownFileType = sourcecode.swift; path = WWDCDreamViewController.swift; sourceTree = "<group>"; };
		166228901AE622AA002AF7ED /* ThankYouViewController.swift */ = {isa = PBXFileReference; fileEncoding = 4; lastKnownFileType = sourcecode.swift; path = ThankYouViewController.swift; sourceTree = "<group>"; };
		166F5E5E1AE0C20F007C7BF3 /* Arrow3.png */ = {isa = PBXFileReference; lastKnownFileType = image.png; path = Arrow3.png; sourceTree = "<group>"; };
		166F5E601AE0C5D7007C7BF3 /* Arrow4.png */ = {isa = PBXFileReference; lastKnownFileType = image.png; path = Arrow4.png; sourceTree = "<group>"; };
		166F5E621AE0C70F007C7BF3 /* Arrow5.png */ = {isa = PBXFileReference; lastKnownFileType = image.png; path = Arrow5.png; sourceTree = "<group>"; };
		166F5E661AE0C9BB007C7BF3 /* Arrow6.png */ = {isa = PBXFileReference; lastKnownFileType = image.png; path = Arrow6.png; sourceTree = "<group>"; };
		166F5E6A1AE0CA7C007C7BF3 /* Arrow7.png */ = {isa = PBXFileReference; lastKnownFileType = image.png; path = Arrow7.png; sourceTree = "<group>"; };
		166F5E6C1AE0CD1C007C7BF3 /* Warp Pipe.mp3 */ = {isa = PBXFileReference; lastKnownFileType = audio.mp3; path = "Warp Pipe.mp3"; sourceTree = "<group>"; };
		166F5E6E1AE0D089007C7BF3 /* Profile.jpg */ = {isa = PBXFileReference; lastKnownFileType = image.jpeg; path = Profile.jpg; sourceTree = "<group>"; };
		166F5E701AE0D118007C7BF3 /* AboutMeViewController.swift */ = {isa = PBXFileReference; fileEncoding = 4; lastKnownFileType = sourcecode.swift; path = AboutMeViewController.swift; sourceTree = "<group>"; };
		167EDBA11AE079450044E7AE /* Roll.m4a */ = {isa = PBXFileReference; lastKnownFileType = file; path = Roll.m4a; sourceTree = "<group>"; };
		167EDBA31AE079650044E7AE /* AVFoundation.framework */ = {isa = PBXFileReference; lastKnownFileType = wrapper.framework; name = AVFoundation.framework; path = System/Library/Frameworks/AVFoundation.framework; sourceTree = SDKROOT; };
		167EDBA51AE07E600044E7AE /* Hit.m4a */ = {isa = PBXFileReference; lastKnownFileType = file; path = Hit.m4a; sourceTree = "<group>"; };
		167FB65F1AE8B8F5006C4E95 /* EagerToLearnViewController.swift */ = {isa = PBXFileReference; fileEncoding = 4; lastKnownFileType = sourcecode.swift; path = EagerToLearnViewController.swift; sourceTree = "<group>"; };
		16A5E8BE1AE9591700848338 /* App Icon.png */ = {isa = PBXFileReference; lastKnownFileType = image.png; path = "App Icon.png"; sourceTree = "<group>"; };
		16CB2F331AE161A9008D8654 /* SlideDownTransition.swift */ = {isa = PBXFileReference; fileEncoding = 4; lastKnownFileType = sourcecode.swift; path = SlideDownTransition.swift; sourceTree = "<group>"; };
		16CB2F351AE1697F008D8654 /* Arrow8.png */ = {isa = PBXFileReference; lastKnownFileType = image.png; path = Arrow8.png; sourceTree = "<group>"; };
		16CB2F371AE16A0D008D8654 /* Arrow9.png */ = {isa = PBXFileReference; lastKnownFileType = image.png; path = Arrow9.png; sourceTree = "<group>"; };
		16CB2F3C1AE2289E008D8654 /* ExperienceAndAwardsViewController.swift */ = {isa = PBXFileReference; fileEncoding = 4; lastKnownFileType = sourcecode.swift; path = ExperienceAndAwardsViewController.swift; sourceTree = "<group>"; };
		16CB2F3E1AE30814008D8654 /* SlideRightTransition.swift */ = {isa = PBXFileReference; fileEncoding = 4; lastKnownFileType = sourcecode.swift; path = SlideRightTransition.swift; sourceTree = "<group>"; };
		16CB2F401AE310BB008D8654 /* HobbiesAndInterestsViewController.swift */ = {isa = PBXFileReference; fileEncoding = 4; lastKnownFileType = sourcecode.swift; path = HobbiesAndInterestsViewController.swift; sourceTree = "<group>"; };
		16CB2F421AE3129E008D8654 /* SlideUpTransition.swift */ = {isa = PBXFileReference; fileEncoding = 4; lastKnownFileType = sourcecode.swift; path = SlideUpTransition.swift; sourceTree = "<group>"; };
		16CB2F441AE35A59008D8654 /* MyPhotosPageViewController.swift */ = {isa = PBXFileReference; fileEncoding = 4; lastKnownFileType = sourcecode.swift; path = MyPhotosPageViewController.swift; sourceTree = "<group>"; };
		16CB2F481AE42CF0008D8654 /* IMG_0063.jpg */ = {isa = PBXFileReference; lastKnownFileType = image.jpeg; path = IMG_0063.jpg; sourceTree = "<group>"; };
		16CB2F491AE42CF0008D8654 /* IMG_0096.jpg */ = {isa = PBXFileReference; lastKnownFileType = image.jpeg; path = IMG_0096.jpg; sourceTree = "<group>"; };
		16CB2F4A1AE42CF0008D8654 /* IMG_0781.jpg */ = {isa = PBXFileReference; lastKnownFileType = image.jpeg; path = IMG_0781.jpg; sourceTree = "<group>"; };
		16CB2F4B1AE42CF0008D8654 /* IMG_0817.jpg */ = {isa = PBXFileReference; lastKnownFileType = image.jpeg; path = IMG_0817.jpg; sourceTree = "<group>"; };
		16CB2F4C1AE42CF0008D8654 /* IMG_0847.jpg */ = {isa = PBXFileReference; lastKnownFileType = image.jpeg; path = IMG_0847.jpg; sourceTree = "<group>"; };
		16CB2F4D1AE42CF0008D8654 /* IMG_2813.jpg */ = {isa = PBXFileReference; lastKnownFileType = image.jpeg; path = IMG_2813.jpg; sourceTree = "<group>"; };
		16CB2F4E1AE42CF0008D8654 /* IMG_7472.jpg */ = {isa = PBXFileReference; lastKnownFileType = image.jpeg; path = IMG_7472.jpg; sourceTree = "<group>"; };
		16CB74971AE45B48004D410D /* ConnectWithMeTableViewController.swift */ = {isa = PBXFileReference; fileEncoding = 4; lastKnownFileType = sourcecode.swift; path = ConnectWithMeTableViewController.swift; sourceTree = "<group>"; };
		16CB74991AE471BA004D410D /* MessageUI.framework */ = {isa = PBXFileReference; lastKnownFileType = wrapper.framework; name = MessageUI.framework; path = System/Library/Frameworks/MessageUI.framework; sourceTree = SDKROOT; };
		16CB749B1AE48388004D410D /* Checkmark.png */ = {isa = PBXFileReference; lastKnownFileType = image.png; path = Checkmark.png; sourceTree = "<group>"; };
		16CB749D1AE485CB004D410D /* MyAppsViewController.swift */ = {isa = PBXFileReference; fileEncoding = 4; lastKnownFileType = sourcecode.swift; path = MyAppsViewController.swift; sourceTree = "<group>"; };
		16CB749F1AE4889D004D410D /* SlideLeftTransition.swift */ = {isa = PBXFileReference; fileEncoding = 4; lastKnownFileType = sourcecode.swift; path = SlideLeftTransition.swift; sourceTree = "<group>"; };
		16CB74A11AE49948004D410D /* Arrow10.png */ = {isa = PBXFileReference; lastKnownFileType = image.png; path = Arrow10.png; sourceTree = "<group>"; };
		16CB74A51AE49B3B004D410D /* Arrow11.png */ = {isa = PBXFileReference; lastKnownFileType = image.png; path = Arrow11.png; sourceTree = "<group>"; };
/* End PBXFileReference section */

/* Begin PBXFrameworksBuildPhase section */
		165A54F01AE0113600ED9272 /* Frameworks */ = {
			isa = PBXFrameworksBuildPhase;
			buildActionMask = 2147483647;
			files = (
				16CB749A1AE471BA004D410D /* MessageUI.framework in Frameworks */,
				167EDBA41AE079650044E7AE /* AVFoundation.framework in Frameworks */,
				165A552F1AE026B300ED9272 /* CoreMotion.framework in Frameworks */,
			);
			runOnlyForDeploymentPostprocessing = 0;
		};
		165A55051AE0113600ED9272 /* Frameworks */ = {
			isa = PBXFrameworksBuildPhase;
			buildActionMask = 2147483647;
			files = (
			);
			runOnlyForDeploymentPostprocessing = 0;
		};
/* End PBXFrameworksBuildPhase section */

/* Begin PBXGroup section */
		160662811AE6C4AB000A6E4F /* RPS Images */ = {
			isa = PBXGroup;
			children = (
				160662731AE6C018000A6E4F /* RPS Icon.png */,
				160662771AE6C4A6000A6E4F /* RPS1.png */,
				160662781AE6C4A7000A6E4F /* RPS2.png */,
				160662791AE6C4A7000A6E4F /* RPS3.png */,
				1606627A1AE6C4A7000A6E4F /* RPS4.png */,
				1606627B1AE6C4A7000A6E4F /* RPS5.png */,
			);
			name = "RPS Images";
			sourceTree = "<group>";
		};
		164464FA1AE766B00057D01B /* CB Images */ = {
			isa = PBXGroup;
			children = (
				164464F21AE7646D0057D01B /* CB Icon.png */,
				164464F41AE766410057D01B /* CB1.png */,
				164464F51AE766410057D01B /* CB2.png */,
				164464F61AE766410057D01B /* CB3.png */,
			);
			name = "CB Images";
			sourceTree = "<group>";
		};
		164465071AE7670A0057D01B /* CW Images */ = {
			isa = PBXGroup;
			children = (
				164465051AE767040057D01B /* CW Icon.png */,
				164464FB1AE766FE0057D01B /* CW1.png */,
				164464FC1AE766FE0057D01B /* CW2.png */,
				164464FD1AE766FE0057D01B /* CW3.png */,
				164464FE1AE766FE0057D01B /* CW4.png */,
				164464FF1AE766FE0057D01B /* CW5.png */,
			);
			name = "CW Images";
			sourceTree = "<group>";
		};
		1644650A1AE768220057D01B /* Ignus Images */ = {
			isa = PBXGroup;
			children = (
				164465081AE7681E0057D01B /* Ignus Icon.png */,
				164D14AC1AE8987C0034C45A /* Ignus1.PNG */,
				164D14AD1AE8987C0034C45A /* Ignus2.PNG */,
				164D14AE1AE8987C0034C45A /* Ignus3.PNG */,
				164D14AF1AE8987C0034C45A /* Ignus4.PNG */,
				164D14B01AE8987C0034C45A /* Ignus5.PNG */,
			);
			name = "Ignus Images";
			sourceTree = "<group>";
		};
		1644650B1AE768280057D01B /* App Images */ = {
			isa = PBXGroup;
			children = (
				1644650A1AE768220057D01B /* Ignus Images */,
				164465071AE7670A0057D01B /* CW Images */,
				164464FA1AE766B00057D01B /* CB Images */,
				160662811AE6C4AB000A6E4F /* RPS Images */,
			);
			name = "App Images";
			sourceTree = "<group>";
		};
		164D14B61AE8A8AC0034C45A /* Transitions */ = {
			isa = PBXGroup;
			children = (
				165A55341AE04BE100ED9272 /* SlideInTransition.swift */,
				16CB2F331AE161A9008D8654 /* SlideDownTransition.swift */,
				16CB2F3E1AE30814008D8654 /* SlideRightTransition.swift */,
				16CB2F421AE3129E008D8654 /* SlideUpTransition.swift */,
				16CB749F1AE4889D004D410D /* SlideLeftTransition.swift */,
			);
			name = Transitions;
			sourceTree = "<group>";
		};
		164D14B71AE8A8BA0034C45A /* Main App View Controllers */ = {
			isa = PBXGroup;
			children = (
				165A55321AE03F8000ED9272 /* StartViewController.swift */,
				165A54FA1AE0113600ED9272 /* MainViewController.swift */,
				1662288C1AE6229A002AF7ED /* FirstWWDCViewController.swift */,
				1662288E1AE622A4002AF7ED /* WWDCDreamViewController.swift */,
				167FB65F1AE8B8F5006C4E95 /* EagerToLearnViewController.swift */,
				166228901AE622AA002AF7ED /* ThankYouViewController.swift */,
			);
			name = "Main App View Controllers";
			sourceTree = "<group>";
		};
		164D14B81AE8A8D10034C45A /* Hobbies and Interests */ = {
			isa = PBXGroup;
			children = (
				16CB2F401AE310BB008D8654 /* HobbiesAndInterestsViewController.swift */,
				16CB2F441AE35A59008D8654 /* MyPhotosPageViewController.swift */,
			);
			name = "Hobbies and Interests";
			sourceTree = "<group>";
		};
		164D14B91AE8A8DB0034C45A /* My Apps */ = {
			isa = PBXGroup;
			children = (
				16CB749D1AE485CB004D410D /* MyAppsViewController.swift */,
				160662751AE6C362000A6E4F /* RPSViewController.swift */,
				164D14A61AE805030034C45A /* CBViewController.swift */,
				164D14A81AE805070034C45A /* CWViewController.swift */,
				164D14AA1AE8050D0034C45A /* IgnusViewController.swift */,
			);
			name = "My Apps";
			sourceTree = "<group>";
		};
		164D14BA1AE8A8E90034C45A /* About Me */ = {
			isa = PBXGroup;
			children = (
				166F5E701AE0D118007C7BF3 /* AboutMeViewController.swift */,
			);
			name = "About Me";
			sourceTree = "<group>";
		};
		164D14BB1AE8A8ED0034C45A /* Experience and Awards */ = {
			isa = PBXGroup;
			children = (
				16CB2F3C1AE2289E008D8654 /* ExperienceAndAwardsViewController.swift */,
			);
			name = "Experience and Awards";
			sourceTree = "<group>";
		};
		164D14BC1AE8A8F20034C45A /* Connect with Me */ = {
			isa = PBXGroup;
			children = (
				16CB74971AE45B48004D410D /* ConnectWithMeTableViewController.swift */,
			);
			name = "Connect with Me";
			sourceTree = "<group>";
		};
		165A54EA1AE0113600ED9272 = {
			isa = PBXGroup;
			children = (
				16CB74991AE471BA004D410D /* MessageUI.framework */,
				167EDBA31AE079650044E7AE /* AVFoundation.framework */,
				165A552E1AE026B300ED9272 /* CoreMotion.framework */,
				16A5E8C01AE9591A00848338 /* App Icons */,
				16A5E8C11AE9592300848338 /* Button Frames */,
				16CB2F3A1AE180AC008D8654 /* Sounds */,
				16CB2F391AE180A5008D8654 /* Arrow Graphics */,
				16CB2F3B1AE180BB008D8654 /* Background Images */,
				1644650B1AE768280057D01B /* App Images */,
				16CB2F561AE42E7B008D8654 /* My Photos */,
				165A55221AE018ED00ED9272 /* Ball.png */,
				165A55281AE021DC00ED9272 /* Hole.png */,
				166F5E6E1AE0D089007C7BF3 /* Profile.jpg */,
				16CB749B1AE48388004D410D /* Checkmark.png */,
				165A54F51AE0113600ED9272 /* Anant Jain */,
				165A550B1AE0113600ED9272 /* Anant JainTests */,
				165A54F41AE0113600ED9272 /* Products */,
			);
			sourceTree = "<group>";
		};
		165A54F41AE0113600ED9272 /* Products */ = {
			isa = PBXGroup;
			children = (
				165A54F31AE0113600ED9272 /* Anant Jain.app */,
				165A55081AE0113600ED9272 /* Anant JainTests.xctest */,
			);
			name = Products;
			sourceTree = "<group>";
		};
		165A54F51AE0113600ED9272 /* Anant Jain */ = {
			isa = PBXGroup;
			children = (
				165A54F81AE0113600ED9272 /* AppDelegate.swift */,
				165A54FC1AE0113600ED9272 /* Main.storyboard */,
				164D14B71AE8A8BA0034C45A /* Main App View Controllers */,
				164D14BA1AE8A8E90034C45A /* About Me */,
				164D14BB1AE8A8ED0034C45A /* Experience and Awards */,
				164D14B81AE8A8D10034C45A /* Hobbies and Interests */,
				164D14BC1AE8A8F20034C45A /* Connect with Me */,
				164D14B91AE8A8DB0034C45A /* My Apps */,
				164D14B61AE8A8AC0034C45A /* Transitions */,
				165A54FF1AE0113600ED9272 /* Images.xcassets */,
				165A55011AE0113600ED9272 /* LaunchScreen.xib */,
				165A54F61AE0113600ED9272 /* Supporting Files */,
			);
			path = "Anant Jain";
			sourceTree = "<group>";
		};
		165A54F61AE0113600ED9272 /* Supporting Files */ = {
			isa = PBXGroup;
			children = (
				165A54F71AE0113600ED9272 /* Info.plist */,
			);
			name = "Supporting Files";
			sourceTree = "<group>";
		};
		165A550B1AE0113600ED9272 /* Anant JainTests */ = {
			isa = PBXGroup;
			children = (
				165A550E1AE0113600ED9272 /* Anant_JainTests.swift */,
				165A550C1AE0113600ED9272 /* Supporting Files */,
			);
			path = "Anant JainTests";
			sourceTree = "<group>";
		};
		165A550C1AE0113600ED9272 /* Supporting Files */ = {
			isa = PBXGroup;
			children = (
				165A550D1AE0113600ED9272 /* Info.plist */,
			);
			name = "Supporting Files";
			sourceTree = "<group>";
		};
		16A5E8C01AE9591A00848338 /* App Icons */ = {
			isa = PBXGroup;
			children = (
				16A5E8BE1AE9591700848338 /* App Icon.png */,
				1637B5071AE957490000D989 /* iPhoneIcon@2x.png */,
				1637B5081AE957490000D989 /* iPhoneIcon@3x.png */,
			);
			name = "App Icons";
			sourceTree = "<group>";
		};
		16A5E8C11AE9592300848338 /* Button Frames */ = {
			isa = PBXGroup;
			children = (
				160662901AE6CE66000A6E4F /* Button Frame.png */,
				160662911AE6CE66000A6E4F /* Button Frame@2x.png */,
				160662921AE6CE66000A6E4F /* Button Frame@3x.png */,
			);
			name = "Button Frames";
			sourceTree = "<group>";
		};
		16CB2F391AE180A5008D8654 /* Arrow Graphics */ = {
			isa = PBXGroup;
			children = (
				165A552A1AE023F300ED9272 /* Left Arrow.png */,
				165A552C1AE024A000ED9272 /* Curve Arrow.png */,
				165A55301AE03B0A00ED9272 /* Down Curve Arrow.png */,
				166F5E5E1AE0C20F007C7BF3 /* Arrow3.png */,
				166F5E601AE0C5D7007C7BF3 /* Arrow4.png */,
				166F5E621AE0C70F007C7BF3 /* Arrow5.png */,
				166F5E661AE0C9BB007C7BF3 /* Arrow6.png */,
				166F5E6A1AE0CA7C007C7BF3 /* Arrow7.png */,
				16CB2F351AE1697F008D8654 /* Arrow8.png */,
				16CB2F371AE16A0D008D8654 /* Arrow9.png */,
				16CB74A11AE49948004D410D /* Arrow10.png */,
				16CB74A51AE49B3B004D410D /* Arrow11.png */,
			);
			name = "Arrow Graphics";
			sourceTree = "<group>";
		};
		16CB2F3A1AE180AC008D8654 /* Sounds */ = {
			isa = PBXGroup;
			children = (
				167EDBA11AE079450044E7AE /* Roll.m4a */,
				167EDBA51AE07E600044E7AE /* Hit.m4a */,
				166F5E6C1AE0CD1C007C7BF3 /* Warp Pipe.mp3 */,
			);
			name = Sounds;
			sourceTree = "<group>";
		};
		16CB2F3B1AE180BB008D8654 /* Background Images */ = {
			isa = PBXGroup;
			children = (
				165A551E1AE012C400ED9272 /* Wood Border.jpg */,
				165A551A1AE0120A00ED9272 /* Wood Background.jpg */,
			);
			name = "Background Images";
			sourceTree = "<group>";
		};
		16CB2F561AE42E7B008D8654 /* My Photos */ = {
			isa = PBXGroup;
			children = (
				16CB2F481AE42CF0008D8654 /* IMG_0063.jpg */,
				16CB2F491AE42CF0008D8654 /* IMG_0096.jpg */,
				16CB2F4A1AE42CF0008D8654 /* IMG_0781.jpg */,
				16CB2F4B1AE42CF0008D8654 /* IMG_0817.jpg */,
				16CB2F4C1AE42CF0008D8654 /* IMG_0847.jpg */,
				16CB2F4D1AE42CF0008D8654 /* IMG_2813.jpg */,
				16CB2F4E1AE42CF0008D8654 /* IMG_7472.jpg */,
			);
			name = "My Photos";
			sourceTree = "<group>";
		};
/* End PBXGroup section */

/* Begin PBXNativeTarget section */
		165A54F21AE0113600ED9272 /* Anant Jain */ = {
			isa = PBXNativeTarget;
			buildConfigurationList = 165A55121AE0113600ED9272 /* Build configuration list for PBXNativeTarget "Anant Jain" */;
			buildPhases = (
				165A54EF1AE0113600ED9272 /* Sources */,
				165A54F01AE0113600ED9272 /* Frameworks */,
				165A54F11AE0113600ED9272 /* Resources */,
			);
			buildRules = (
			);
			dependencies = (
			);
			name = "Anant Jain";
			productName = "Anant Jain";
			productReference = 165A54F31AE0113600ED9272 /* Anant Jain.app */;
			productType = "com.apple.product-type.application";
		};
		165A55071AE0113600ED9272 /* Anant JainTests */ = {
			isa = PBXNativeTarget;
			buildConfigurationList = 165A55151AE0113600ED9272 /* Build configuration list for PBXNativeTarget "Anant JainTests" */;
			buildPhases = (
				165A55041AE0113600ED9272 /* Sources */,
				165A55051AE0113600ED9272 /* Frameworks */,
				165A55061AE0113600ED9272 /* Resources */,
			);
			buildRules = (
			);
			dependencies = (
				165A550A1AE0113600ED9272 /* PBXTargetDependency */,
			);
			name = "Anant JainTests";
			productName = "Anant JainTests";
			productReference = 165A55081AE0113600ED9272 /* Anant JainTests.xctest */;
			productType = "com.apple.product-type.bundle.unit-test";
		};
/* End PBXNativeTarget section */

/* Begin PBXProject section */
		165A54EB1AE0113600ED9272 /* Project object */ = {
			isa = PBXProject;
			attributes = {
				LastSwiftMigration = 0710;
				LastSwiftUpdateCheck = 0700;
				LastUpgradeCheck = 0820;
				ORGANIZATIONNAME = "Anant Jain";
				TargetAttributes = {
					165A54F21AE0113600ED9272 = {
						CreatedOnToolsVersion = 6.4;
						DevelopmentTeam = RENT9T8393;
						LastSwiftMigration = 0820;
					};
					165A55071AE0113600ED9272 = {
						CreatedOnToolsVersion = 6.4;
						LastSwiftMigration = 0820;
						TestTargetID = 165A54F21AE0113600ED9272;
					};
				};
			};
			buildConfigurationList = 165A54EE1AE0113600ED9272 /* Build configuration list for PBXProject "Anant Jain" */;
			compatibilityVersion = "Xcode 3.2";
			developmentRegion = English;
			hasScannedForEncodings = 0;
			knownRegions = (
				en,
				Base,
			);
			mainGroup = 165A54EA1AE0113600ED9272;
			productRefGroup = 165A54F41AE0113600ED9272 /* Products */;
			projectDirPath = "";
			projectRoot = "";
			targets = (
				165A54F21AE0113600ED9272 /* Anant Jain */,
				165A55071AE0113600ED9272 /* Anant JainTests */,
			);
		};
/* End PBXProject section */

/* Begin PBXResourcesBuildPhase section */
		165A54F11AE0113600ED9272 /* Resources */ = {
			isa = PBXResourcesBuildPhase;
			buildActionMask = 2147483647;
			files = (
				164D14B51AE8987C0034C45A /* Ignus5.PNG in Resources */,
				164D14B21AE8987C0034C45A /* Ignus2.PNG in Resources */,
				164464F81AE766410057D01B /* CB2.png in Resources */,
				1606627F1AE6C4A7000A6E4F /* RPS4.png in Resources */,
				16CB2F381AE16A0D008D8654 /* Arrow9.png in Resources */,
				167EDBA61AE07E600044E7AE /* Hit.m4a in Resources */,
				160662801AE6C4A7000A6E4F /* RPS5.png in Resources */,
				16CB74A21AE49948004D410D /* Arrow10.png in Resources */,
				16CB2F531AE42CF0008D8654 /* IMG_0847.jpg in Resources */,
				1606627D1AE6C4A7000A6E4F /* RPS2.png in Resources */,
				165A55291AE021DC00ED9272 /* Hole.png in Resources */,
				164465061AE767040057D01B /* CW Icon.png in Resources */,
				165A55311AE03B0A00ED9272 /* Down Curve Arrow.png in Resources */,
				16CB2F501AE42CF0008D8654 /* IMG_0096.jpg in Resources */,
				167EDBA21AE079450044E7AE /* Roll.m4a in Resources */,
				16CB2F361AE1697F008D8654 /* Arrow8.png in Resources */,
				164464F71AE766410057D01B /* CB1.png in Resources */,
				16CB2F511AE42CF0008D8654 /* IMG_0781.jpg in Resources */,
				1637B5091AE957490000D989 /* iPhoneIcon@2x.png in Resources */,
				166F5E631AE0C70F007C7BF3 /* Arrow5.png in Resources */,
				165A551B1AE0120A00ED9272 /* Wood Background.jpg in Resources */,
				16CB2F4F1AE42CF0008D8654 /* IMG_0063.jpg in Resources */,
				164464F91AE766410057D01B /* CB3.png in Resources */,
				160662951AE6CE66000A6E4F /* Button Frame@3x.png in Resources */,
				16CB2F521AE42CF0008D8654 /* IMG_0817.jpg in Resources */,
				166F5E5F1AE0C20F007C7BF3 /* Arrow3.png in Resources */,
				166F5E6F1AE0D089007C7BF3 /* Profile.jpg in Resources */,
				164D14B11AE8987C0034C45A /* Ignus1.PNG in Resources */,
				1606627E1AE6C4A7000A6E4F /* RPS3.png in Resources */,
				164465031AE766FE0057D01B /* CW4.png in Resources */,
				164465021AE766FE0057D01B /* CW3.png in Resources */,
				160662931AE6CE66000A6E4F /* Button Frame.png in Resources */,
				16CB2F551AE42CF0008D8654 /* IMG_7472.jpg in Resources */,
				16CB2F541AE42CF0008D8654 /* IMG_2813.jpg in Resources */,
				164465041AE766FE0057D01B /* CW5.png in Resources */,
				160662941AE6CE66000A6E4F /* Button Frame@2x.png in Resources */,
				164D14B31AE8987C0034C45A /* Ignus3.PNG in Resources */,
				165A551F1AE012C400ED9272 /* Wood Border.jpg in Resources */,
				164464F31AE7646D0057D01B /* CB Icon.png in Resources */,
				164D14B41AE8987C0034C45A /* Ignus4.PNG in Resources */,
				164465001AE766FE0057D01B /* CW1.png in Resources */,
				165A552D1AE024A000ED9272 /* Curve Arrow.png in Resources */,
				164465011AE766FE0057D01B /* CW2.png in Resources */,
				166F5E6B1AE0CA7C007C7BF3 /* Arrow7.png in Resources */,
				165A54FE1AE0113600ED9272 /* Main.storyboard in Resources */,
				16A5E8BF1AE9591700848338 /* App Icon.png in Resources */,
				16CB749C1AE48388004D410D /* Checkmark.png in Resources */,
				166F5E6D1AE0CD1C007C7BF3 /* Warp Pipe.mp3 in Resources */,
				1637B50A1AE957490000D989 /* iPhoneIcon@3x.png in Resources */,
				165A55231AE018ED00ED9272 /* Ball.png in Resources */,
				16CB74A61AE49B3B004D410D /* Arrow11.png in Resources */,
				165A55031AE0113600ED9272 /* LaunchScreen.xib in Resources */,
				165A55001AE0113600ED9272 /* Images.xcassets in Resources */,
				166F5E611AE0C5D7007C7BF3 /* Arrow4.png in Resources */,
				160662741AE6C018000A6E4F /* RPS Icon.png in Resources */,
				164465091AE7681E0057D01B /* Ignus Icon.png in Resources */,
				1606627C1AE6C4A7000A6E4F /* RPS1.png in Resources */,
				166F5E671AE0C9BB007C7BF3 /* Arrow6.png in Resources */,
				165A552B1AE023F300ED9272 /* Left Arrow.png in Resources */,
			);
			runOnlyForDeploymentPostprocessing = 0;
		};
		165A55061AE0113600ED9272 /* Resources */ = {
			isa = PBXResourcesBuildPhase;
			buildActionMask = 2147483647;
			files = (
			);
			runOnlyForDeploymentPostprocessing = 0;
		};
/* End PBXResourcesBuildPhase section */

/* Begin PBXSourcesBuildPhase section */
		165A54EF1AE0113600ED9272 /* Sources */ = {
			isa = PBXSourcesBuildPhase;
			buildActionMask = 2147483647;
			files = (
				16CB74981AE45B48004D410D /* ConnectWithMeTableViewController.swift in Sources */,
				165A54FB1AE0113600ED9272 /* MainViewController.swift in Sources */,
				164D14A91AE805070034C45A /* CWViewController.swift in Sources */,
				164D14AB1AE8050D0034C45A /* IgnusViewController.swift in Sources */,
				1662288D1AE6229A002AF7ED /* FirstWWDCViewController.swift in Sources */,
				16CB2F3D1AE2289E008D8654 /* ExperienceAndAwardsViewController.swift in Sources */,
				166F5E711AE0D118007C7BF3 /* AboutMeViewController.swift in Sources */,
				1662288F1AE622A4002AF7ED /* WWDCDreamViewController.swift in Sources */,
				165A55351AE04BE100ED9272 /* SlideInTransition.swift in Sources */,
				16CB74A01AE4889D004D410D /* SlideLeftTransition.swift in Sources */,
				16CB749E1AE485CB004D410D /* MyAppsViewController.swift in Sources */,
				165A54F91AE0113600ED9272 /* AppDelegate.swift in Sources */,
				167FB6601AE8B8F5006C4E95 /* EagerToLearnViewController.swift in Sources */,
				16CB2F341AE161A9008D8654 /* SlideDownTransition.swift in Sources */,
				165A55331AE03F8000ED9272 /* StartViewController.swift in Sources */,
				160662761AE6C362000A6E4F /* RPSViewController.swift in Sources */,
				16CB2F3F1AE30814008D8654 /* SlideRightTransition.swift in Sources */,
				16CB2F451AE35A59008D8654 /* MyPhotosPageViewController.swift in Sources */,
				16CB2F411AE310BB008D8654 /* HobbiesAndInterestsViewController.swift in Sources */,
				164D14A71AE805030034C45A /* CBViewController.swift in Sources */,
				16CB2F431AE3129E008D8654 /* SlideUpTransition.swift in Sources */,
				166228911AE622AA002AF7ED /* ThankYouViewController.swift in Sources */,
			);
			runOnlyForDeploymentPostprocessing = 0;
		};
		165A55041AE0113600ED9272 /* Sources */ = {
			isa = PBXSourcesBuildPhase;
			buildActionMask = 2147483647;
			files = (
				165A550F1AE0113600ED9272 /* Anant_JainTests.swift in Sources */,
			);
			runOnlyForDeploymentPostprocessing = 0;
		};
/* End PBXSourcesBuildPhase section */

/* Begin PBXTargetDependency section */
		165A550A1AE0113600ED9272 /* PBXTargetDependency */ = {
			isa = PBXTargetDependency;
			target = 165A54F21AE0113600ED9272 /* Anant Jain */;
			targetProxy = 165A55091AE0113600ED9272 /* PBXContainerItemProxy */;
		};
/* End PBXTargetDependency section */

/* Begin PBXVariantGroup section */
		165A54FC1AE0113600ED9272 /* Main.storyboard */ = {
			isa = PBXVariantGroup;
			children = (
				165A54FD1AE0113600ED9272 /* Base */,
			);
			name = Main.storyboard;
			sourceTree = "<group>";
		};
		165A55011AE0113600ED9272 /* LaunchScreen.xib */ = {
			isa = PBXVariantGroup;
			children = (
				165A55021AE0113600ED9272 /* Base */,
			);
			name = LaunchScreen.xib;
			sourceTree = "<group>";
		};
/* End PBXVariantGroup section */

/* Begin XCBuildConfiguration section */
		165A55101AE0113600ED9272 /* Debug */ = {
			isa = XCBuildConfiguration;
			buildSettings = {
				ALWAYS_SEARCH_USER_PATHS = NO;
				CLANG_CXX_LANGUAGE_STANDARD = "gnu++0x";
				CLANG_CXX_LIBRARY = "libc++";
				CLANG_ENABLE_MODULES = YES;
				CLANG_ENABLE_OBJC_ARC = YES;
				CLANG_WARN_BOOL_CONVERSION = YES;
				CLANG_WARN_CONSTANT_CONVERSION = YES;
				CLANG_WARN_DIRECT_OBJC_ISA_USAGE = YES_ERROR;
				CLANG_WARN_EMPTY_BODY = YES;
				CLANG_WARN_ENUM_CONVERSION = YES;
				CLANG_WARN_INFINITE_RECURSION = YES;
				CLANG_WARN_INT_CONVERSION = YES;
				CLANG_WARN_OBJC_ROOT_CLASS = YES_ERROR;
				CLANG_WARN_SUSPICIOUS_MOVE = YES;
				CLANG_WARN_UNREACHABLE_CODE = YES;
				CLANG_WARN__DUPLICATE_METHOD_MATCH = YES;
				"CODE_SIGN_IDENTITY[sdk=iphoneos*]" = "iPhone Developer";
				COPY_PHASE_STRIP = NO;
				DEBUG_INFORMATION_FORMAT = "dwarf-with-dsym";
				ENABLE_STRICT_OBJC_MSGSEND = YES;
				ENABLE_TESTABILITY = YES;
				GCC_C_LANGUAGE_STANDARD = gnu99;
				GCC_DYNAMIC_NO_PIC = NO;
				GCC_NO_COMMON_BLOCKS = YES;
				GCC_OPTIMIZATION_LEVEL = 0;
				GCC_PREPROCESSOR_DEFINITIONS = (
					"DEBUG=1",
					"$(inherited)",
				);
				GCC_SYMBOLS_PRIVATE_EXTERN = NO;
				GCC_WARN_64_TO_32_BIT_CONVERSION = YES;
				GCC_WARN_ABOUT_RETURN_TYPE = YES_ERROR;
				GCC_WARN_UNDECLARED_SELECTOR = YES;
				GCC_WARN_UNINITIALIZED_AUTOS = YES_AGGRESSIVE;
				GCC_WARN_UNUSED_FUNCTION = YES;
				GCC_WARN_UNUSED_VARIABLE = YES;
				IPHONEOS_DEPLOYMENT_TARGET = 8.0;
				MTL_ENABLE_DEBUG_INFO = YES;
				ONLY_ACTIVE_ARCH = YES;
				SDKROOT = iphoneos;
				SWIFT_OPTIMIZATION_LEVEL = "-Onone";
				TARGETED_DEVICE_FAMILY = "1,2";
			};
			name = Debug;
		};
		165A55111AE0113600ED9272 /* Release */ = {
			isa = XCBuildConfiguration;
			buildSettings = {
				ALWAYS_SEARCH_USER_PATHS = NO;
				CLANG_CXX_LANGUAGE_STANDARD = "gnu++0x";
				CLANG_CXX_LIBRARY = "libc++";
				CLANG_ENABLE_MODULES = YES;
				CLANG_ENABLE_OBJC_ARC = YES;
				CLANG_WARN_BOOL_CONVERSION = YES;
				CLANG_WARN_CONSTANT_CONVERSION = YES;
				CLANG_WARN_DIRECT_OBJC_ISA_USAGE = YES_ERROR;
				CLANG_WARN_EMPTY_BODY = YES;
				CLANG_WARN_ENUM_CONVERSION = YES;
				CLANG_WARN_INFINITE_RECURSION = YES;
				CLANG_WARN_INT_CONVERSION = YES;
				CLANG_WARN_OBJC_ROOT_CLASS = YES_ERROR;
				CLANG_WARN_SUSPICIOUS_MOVE = YES;
				CLANG_WARN_UNREACHABLE_CODE = YES;
				CLANG_WARN__DUPLICATE_METHOD_MATCH = YES;
				"CODE_SIGN_IDENTITY[sdk=iphoneos*]" = "iPhone Developer";
				COPY_PHASE_STRIP = NO;
				DEBUG_INFORMATION_FORMAT = "dwarf-with-dsym";
				ENABLE_NS_ASSERTIONS = NO;
				ENABLE_STRICT_OBJC_MSGSEND = YES;
				GCC_C_LANGUAGE_STANDARD = gnu99;
				GCC_NO_COMMON_BLOCKS = YES;
				GCC_WARN_64_TO_32_BIT_CONVERSION = YES;
				GCC_WARN_ABOUT_RETURN_TYPE = YES_ERROR;
				GCC_WARN_UNDECLARED_SELECTOR = YES;
				GCC_WARN_UNINITIALIZED_AUTOS = YES_AGGRESSIVE;
				GCC_WARN_UNUSED_FUNCTION = YES;
				GCC_WARN_UNUSED_VARIABLE = YES;
				IPHONEOS_DEPLOYMENT_TARGET = 8.0;
				MTL_ENABLE_DEBUG_INFO = NO;
				SDKROOT = iphoneos;
				SWIFT_OPTIMIZATION_LEVEL = "-Owholemodule";
				TARGETED_DEVICE_FAMILY = "1,2";
				VALIDATE_PRODUCT = YES;
			};
			name = Release;
		};
		165A55131AE0113600ED9272 /* Debug */ = {
			isa = XCBuildConfiguration;
			buildSettings = {
				ASSETCATALOG_COMPILER_APPICON_NAME = AppIcon;
				CODE_SIGN_IDENTITY = "iPhone Developer";
				"CODE_SIGN_IDENTITY[sdk=iphoneos*]" = "iPhone Developer";
				INFOPLIST_FILE = "Anant Jain/Info.plist";
				IPHONEOS_DEPLOYMENT_TARGET = 8.0;
				LD_RUNPATH_SEARCH_PATHS = "$(inherited) @executable_path/Frameworks";
				PRODUCT_BUNDLE_IDENTIFIER = "com.anantsapps.$(PRODUCT_NAME:rfc1034identifier)";
				PRODUCT_NAME = "$(TARGET_NAME)";
				PROVISIONING_PROFILE = "";
				SWIFT_VERSION = 3.0;
				TARGETED_DEVICE_FAMILY = 1;
			};
			name = Debug;
		};
		165A55141AE0113600ED9272 /* Release */ = {
			isa = XCBuildConfiguration;
			buildSettings = {
				ASSETCATALOG_COMPILER_APPICON_NAME = AppIcon;
				CODE_SIGN_IDENTITY = "iPhone Developer";
				"CODE_SIGN_IDENTITY[sdk=iphoneos*]" = "iPhone Developer";
				INFOPLIST_FILE = "Anant Jain/Info.plist";
				IPHONEOS_DEPLOYMENT_TARGET = 8.0;
				LD_RUNPATH_SEARCH_PATHS = "$(inherited) @executable_path/Frameworks";
				PRODUCT_BUNDLE_IDENTIFIER = "com.anantsapps.$(PRODUCT_NAME:rfc1034identifier)";
				PRODUCT_NAME = "$(TARGET_NAME)";
				PROVISIONING_PROFILE = "";
				SWIFT_VERSION = 3.0;
				TARGETED_DEVICE_FAMILY = 1;
			};
			name = Release;
		};
		165A55161AE0113600ED9272 /* Debug */ = {
			isa = XCBuildConfiguration;
			buildSettings = {
				BUNDLE_LOADER = "$(TEST_HOST)";
				FRAMEWORK_SEARCH_PATHS = (
					"$(SDKROOT)/Developer/Library/Frameworks",
					"$(inherited)",
				);
				GCC_PREPROCESSOR_DEFINITIONS = (
					"DEBUG=1",
					"$(inherited)",
				);
				INFOPLIST_FILE = "Anant JainTests/Info.plist";
				LD_RUNPATH_SEARCH_PATHS = "$(inherited) @executable_path/Frameworks @loader_path/Frameworks";
				PRODUCT_BUNDLE_IDENTIFIER = "com.anantsapps.$(PRODUCT_NAME:rfc1034identifier)";
				PRODUCT_NAME = "$(TARGET_NAME)";
				SWIFT_VERSION = 3.0;
				TEST_HOST = "$(BUILT_PRODUCTS_DIR)/Anant Jain.app/Anant Jain";
			};
			name = Debug;
		};
		165A55171AE0113600ED9272 /* Release */ = {
			isa = XCBuildConfiguration;
			buildSettings = {
				BUNDLE_LOADER = "$(TEST_HOST)";
				FRAMEWORK_SEARCH_PATHS = (
					"$(SDKROOT)/Developer/Library/Frameworks",
					"$(inherited)",
				);
				INFOPLIST_FILE = "Anant JainTests/Info.plist";
				LD_RUNPATH_SEARCH_PATHS = "$(inherited) @executable_path/Frameworks @loader_path/Frameworks";
				PRODUCT_BUNDLE_IDENTIFIER = "com.anantsapps.$(PRODUCT_NAME:rfc1034identifier)";
				PRODUCT_NAME = "$(TARGET_NAME)";
				SWIFT_VERSION = 3.0;
				TEST_HOST = "$(BUILT_PRODUCTS_DIR)/Anant Jain.app/Anant Jain";
			};
			name = Release;
		};
/* End XCBuildConfiguration section */

/* Begin XCConfigurationList section */
		165A54EE1AE0113600ED9272 /* Build configuration list for PBXProject "Anant Jain" */ = {
			isa = XCConfigurationList;
			buildConfigurations = (
				165A55101AE0113600ED9272 /* Debug */,
				165A55111AE0113600ED9272 /* Release */,
			);
			defaultConfigurationIsVisible = 0;
			defaultConfigurationName = Release;
		};
		165A55121AE0113600ED9272 /* Build configuration list for PBXNativeTarget "Anant Jain" */ = {
			isa = XCConfigurationList;
			buildConfigurations = (
				165A55131AE0113600ED9272 /* Debug */,
				165A55141AE0113600ED9272 /* Release */,
			);
			defaultConfigurationIsVisible = 0;
			defaultConfigurationName = Release;
		};
		165A55151AE0113600ED9272 /* Build configuration list for PBXNativeTarget "Anant JainTests" */ = {
			isa = XCConfigurationList;
			buildConfigurations = (
				165A55161AE0113600ED9272 /* Debug */,
				165A55171AE0113600ED9272 /* Release */,
			);
			defaultConfigurationIsVisible = 0;
			defaultConfigurationName = Release;
		};
/* End XCConfigurationList section */
	};
	rootObject = 165A54EB1AE0113600ED9272 /* Project object */;
}
